
Microsoft Visual Studio Solution File, Format Version 12.00
# Visual Studio 15
VisualStudioVersion = 15.0.27924.0
MinimumVisualStudioVersion = 10.0.40219.1
Project("{151D2E53-A2C4-4D7D-83FE-D05416EBD58E}") = "Deployments", "..\AZ200T01.1\Deployments.deployproj", "{E8CA9B43-6232-47F8-B08C-58C881AEBDAB}"
EndProject
Project("{9A19103F-16F7-4668-BE54-9A1E7A4F7556}") = "AZ200T02.1", "AZ200T02.1\AZ200T02.1.csproj", "{E189D79E-8B49-4DC9-B1EB-5E6DD7AC0006}"
EndProject
Project("{9A19103F-16F7-4668-BE54-9A1E7A4F7556}") = "AZ200T02.3-5", "AZ200T02.3-5\AZ200T02.3-5.csproj", "{18FF1CFD-3347-477F-B0B7-F19EA0C2F102}"
EndProject
Project("{9A19103F-16F7-4668-BE54-9A1E7A4F7556}") = "AZ200T02.4", "AZ200T02.4\AZ200T02.4.csproj", "{3531D520-B40C-4763-9448-46F6C8AE6AA6}"
EndProject
Project("{9A19103F-16F7-4668-BE54-9A1E7A4F7556}") = "AZ200T02.6", "AZ200T02.6\AZ200T02.6.csproj", "{43CAB0B4-5FDB-4F59-87CC-81C4F42D887C}"
EndProject
Project("{2150E333-8FDC-42A3-9474-1A3956D46DE8}") = "AZ200T03.1", "AZ200T03.1", "{BF393129-6D92-410B-93DA-E6A6ADD72B02}"
EndProject
Project("{9A19103F-16F7-4668-BE54-9A1E7A4F7556}") = "Models", "Models\Models.csproj", "{3957BE8D-A034-4C03-849E-AE4A3C35299D}"
EndProject
Project("{9A19103F-16F7-4668-BE54-9A1E7A4F7556}") = "POCOs", "POCOs\POCOs.csproj", "{C043D939-EBDE-4FA3-8249-8BF04619CCA8}"
EndProject
Project("{9A19103F-16F7-4668-BE54-9A1E7A4F7556}") = "AZ200T03.1-WebApp", "AZ200T03.1-WebApp\AZ200T03.1-WebApp.csproj", "{CA9B5ED6-1663-402E-AD23-2BE3559702A0}"
EndProject
Project("{FAE04EC0-301F-11D3-BF4B-00C04F79EFBC}") = "AZ200T03.1-WebJob", "AZ200T03.1-WebJob\AZ200T03.1-WebJob.csproj", "{82D4D1D5-EAED-4A80-B7BD-ABB383186221}"
EndProject
Project("{151D2E53-A2C4-4D7D-83FE-D05416EBD58E}") = "AZ200T03.3", "AZ200T03.3\AZ200T03.3.deployproj", "{C4B9B24B-12B1-4C57-AF3B-B1BE669A6080}"
EndProject
Project("{9A19103F-16F7-4668-BE54-9A1E7A4F7556}") = "AZ200T03.5", "AZ200T03.5\AZ200T03.5.csproj", "{436B27CE-9788-41B1-9958-7244FC354A2B}"
EndProject
Project("{2150E333-8FDC-42A3-9474-1A3956D46DE8}") = "AZ200T04-3", "AZ200T04-3", "{7F6F05EB-E274-45FC-972A-BB89AFB89277}"
EndProject
Project("{FAE04EC0-301F-11D3-BF4B-00C04F79EFBC}") = "AZ200T04_3_WebApp", "AZ200T04_3_WebApp\AZ200T04_3_WebApp.csproj", "{0EC8E22D-C76C-4A45-8001-DD152CFA4EAB}"
EndProject
Project("{FAE04EC0-301F-11D3-BF4B-00C04F79EFBC}") = "AZ200T04_3_Console", "AZ200T04_3_Console\AZ200T04_3_Console.csproj", "{C7053B37-B3BB-48EF-93B5-D90C1344E706}"
EndProject
Global
	GlobalSection(SolutionConfigurationPlatforms) = preSolution
		Debug|Any CPU = Debug|Any CPU
		Release|Any CPU = Release|Any CPU
	EndGlobalSection
	GlobalSection(ProjectConfigurationPlatforms) = postSolution
		{E8CA9B43-6232-47F8-B08C-58C881AEBDAB}.Debug|Any CPU.ActiveCfg = Debug|Any CPU
		{E8CA9B43-6232-47F8-B08C-58C881AEBDAB}.Debug|Any CPU.Build.0 = Debug|Any CPU
		{E8CA9B43-6232-47F8-B08C-58C881AEBDAB}.Release|Any CPU.ActiveCfg = Release|Any CPU
		{E8CA9B43-6232-47F8-B08C-58C881AEBDAB}.Release|Any CPU.Build.0 = Release|Any CPU
		{E189D79E-8B49-4DC9-B1EB-5E6DD7AC0006}.Debug|Any CPU.ActiveCfg = Debug|Any CPU
		{E189D79E-8B49-4DC9-B1EB-5E6DD7AC0006}.Debug|Any CPU.Build.0 = Debug|Any CPU
		{E189D79E-8B49-4DC9-B1EB-5E6DD7AC0006}.Release|Any CPU.ActiveCfg = Release|Any CPU
		{E189D79E-8B49-4DC9-B1EB-5E6DD7AC0006}.Release|Any CPU.Build.0 = Release|Any CPU
		{18FF1CFD-3347-477F-B0B7-F19EA0C2F102}.Debug|Any CPU.ActiveCfg = Debug|Any CPU
		{18FF1CFD-3347-477F-B0B7-F19EA0C2F102}.Debug|Any CPU.Build.0 = Debug|Any CPU
		{18FF1CFD-3347-477F-B0B7-F19EA0C2F102}.Release|Any CPU.ActiveCfg = Release|Any CPU
		{18FF1CFD-3347-477F-B0B7-F19EA0C2F102}.Release|Any CPU.Build.0 = Release|Any CPU
		{3531D520-B40C-4763-9448-46F6C8AE6AA6}.Debug|Any CPU.ActiveCfg = Debug|Any CPU
		{3531D520-B40C-4763-9448-46F6C8AE6AA6}.Debug|Any CPU.Build.0 = Debug|Any CPU
		{3531D520-B40C-4763-9448-46F6C8AE6AA6}.Release|Any CPU.ActiveCfg = Release|Any CPU
		{3531D520-B40C-4763-9448-46F6C8AE6AA6}.Release|Any CPU.Build.0 = Release|Any CPU
		{43CAB0B4-5FDB-4F59-87CC-81C4F42D887C}.Debug|Any CPU.ActiveCfg = Debug|Any CPU
		{43CAB0B4-5FDB-4F59-87CC-81C4F42D887C}.Debug|Any CPU.Build.0 = Debug|Any CPU
		{43CAB0B4-5FDB-4F59-87CC-81C4F42D887C}.Release|Any CPU.ActiveCfg = Release|Any CPU
		{43CAB0B4-5FDB-4F59-87CC-81C4F42D887C}.Release|Any CPU.Build.0 = Release|Any CPU
		{3957BE8D-A034-4C03-849E-AE4A3C35299D}.Debug|Any CPU.ActiveCfg = Debug|Any CPU
		{3957BE8D-A034-4C03-849E-AE4A3C35299D}.Debug|Any CPU.Build.0 = Debug|Any CPU
		{3957BE8D-A034-4C03-849E-AE4A3C35299D}.Release|Any CPU.ActiveCfg = Release|Any CPU
		{3957BE8D-A034-4C03-849E-AE4A3C35299D}.Release|Any CPU.Build.0 = Release|Any CPU
		{C043D939-EBDE-4FA3-8249-8BF04619CCA8}.Debug|Any CPU.ActiveCfg = Debug|Any CPU
		{C043D939-EBDE-4FA3-8249-8BF04619CCA8}.Debug|Any CPU.Build.0 = Debug|Any CPU
		{C043D939-EBDE-4FA3-8249-8BF04619CCA8}.Release|Any CPU.ActiveCfg = Release|Any CPU
		{C043D939-EBDE-4FA3-8249-8BF04619CCA8}.Release|Any CPU.Build.0 = Release|Any CPU
		{CA9B5ED6-1663-402E-AD23-2BE3559702A0}.Debug|Any CPU.ActiveCfg = Debug|Any CPU
		{CA9B5ED6-1663-402E-AD23-2BE3559702A0}.Debug|Any CPU.Build.0 = Debug|Any CPU
		{CA9B5ED6-1663-402E-AD23-2BE3559702A0}.Release|Any CPU.ActiveCfg = Release|Any CPU
		{CA9B5ED6-1663-402E-AD23-2BE3559702A0}.Release|Any CPU.Build.0 = Release|Any CPU
		{82D4D1D5-EAED-4A80-B7BD-ABB383186221}.Debug|Any CPU.ActiveCfg = Debug|Any CPU
		{82D4D1D5-EAED-4A80-B7BD-ABB383186221}.Debug|Any CPU.Build.0 = Debug|Any CPU
		{82D4D1D5-EAED-4A80-B7BD-ABB383186221}.Release|Any CPU.ActiveCfg = Release|Any CPU
		{82D4D1D5-EAED-4A80-B7BD-ABB383186221}.Release|Any CPU.Build.0 = Release|Any CPU
		{C4B9B24B-12B1-4C57-AF3B-B1BE669A6080}.Debug|Any CPU.ActiveCfg = Debug|Any CPU
		{C4B9B24B-12B1-4C57-AF3B-B1BE669A6080}.Debug|Any CPU.Build.0 = Debug|Any CPU
		{C4B9B24B-12B1-4C57-AF3B-B1BE669A6080}.Release|Any CPU.ActiveCfg = Release|Any CPU
		{C4B9B24B-12B1-4C57-AF3B-B1BE669A6080}.Release|Any CPU.Build.0 = Release|Any CPU
		{436B27CE-9788-41B1-9958-7244FC354A2B}.Debug|Any CPU.ActiveCfg = Debug|Any CPU
		{436B27CE-9788-41B1-9958-7244FC354A2B}.Debug|Any CPU.Build.0 = Debug|Any CPU
		{436B27CE-9788-41B1-9958-7244FC354A2B}.Release|Any CPU.ActiveCfg = Release|Any CPU
		{436B27CE-9788-41B1-9958-7244FC354A2B}.Release|Any CPU.Build.0 = Release|Any CPU
		{0EC8E22D-C76C-4A45-8001-DD152CFA4EAB}.Debug|Any CPU.ActiveCfg = Debug|Any CPU
		{0EC8E22D-C76C-4A45-8001-DD152CFA4EAB}.Debug|Any CPU.Build.0 = Debug|Any CPU
		{0EC8E22D-C76C-4A45-8001-DD152CFA4EAB}.Release|Any CPU.ActiveCfg = Release|Any CPU
		{0EC8E22D-C76C-4A45-8001-DD152CFA4EAB}.Release|Any CPU.Build.0 = Release|Any CPU
		{C7053B37-B3BB-48EF-93B5-D90C1344E706}.Debug|Any CPU.ActiveCfg = Debug|Any CPU
		{C7053B37-B3BB-48EF-93B5-D90C1344E706}.Debug|Any CPU.Build.0 = Debug|Any CPU
		{C7053B37-B3BB-48EF-93B5-D90C1344E706}.Release|Any CPU.ActiveCfg = Release|Any CPU
		{C7053B37-B3BB-48EF-93B5-D90C1344E706}.Release|Any CPU.Build.0 = Release|Any CPU
	EndGlobalSection
	GlobalSection(SolutionProperties) = preSolution
		HideSolutionNode = FALSE
	EndGlobalSection
	GlobalSection(NestedProjects) = preSolution
		{3957BE8D-A034-4C03-849E-AE4A3C35299D} = {BF393129-6D92-410B-93DA-E6A6ADD72B02}
		{C043D939-EBDE-4FA3-8249-8BF04619CCA8} = {BF393129-6D92-410B-93DA-E6A6ADD72B02}
		{CA9B5ED6-1663-402E-AD23-2BE3559702A0} = {BF393129-6D92-410B-93DA-E6A6ADD72B02}
		{82D4D1D5-EAED-4A80-B7BD-ABB383186221} = {BF393129-6D92-410B-93DA-E6A6ADD72B02}
		{0EC8E22D-C76C-4A45-8001-DD152CFA4EAB} = {7F6F05EB-E274-45FC-972A-BB89AFB89277}
		{C7053B37-B3BB-48EF-93B5-D90C1344E706} = {7F6F05EB-E274-45FC-972A-BB89AFB89277}
	EndGlobalSection
	GlobalSection(ExtensibilityGlobals) = postSolution
		SolutionGuid = {EEB9C8DD-BFA0-4DAF-A22D-D08AB9034978}
	EndGlobalSection
EndGlobal
